github.com/joho/godotenv v1.5.1 h1:7P4SfwW0WvJ8BtQI4eBogG07Adrmzbnc+2oq63rGWk=
github.com/joho/godotenv v1.5.1/go.mod h1:f4LDr5Voq0i2e/R5DDNOoa2zzDfwtkZa6DxwEWR+0=
github.com/lib/pq v1.10.9 h1:YXG7RB+JIjhP29X+OtkiDnYaXQsRKVTNJlL/xDtbJ8=
github.com/lib/pq v1.10.9/go.mod h1:AlVSvNntv5hsMLH0AQAwCn2BKY+DUlK+ab+aLWcsqG=
